
Microsoft Visual Studio Solution File, Format Version 12.00
# Visual Studio Version 17
VisualStudioVersion = 17.4.33213.308
MinimumVisualStudioVersion = 10.0.40219.1
Project("{FAE04EC0-301F-11D3-BF4B-00C04F79EFBC}") = "BlogProject", "BlogProject\BlogProject.csproj", "{AEF224AD-2ECD-4E55-93FF-C2230B7B9272}"
EndProject
Global
	GlobalSection(SolutionConfigurationPlatforms) = preSolution
		Debug|Any CPU = Debug|Any CPU
		Release|Any CPU = Release|Any CPU
	EndGlobalSection
	GlobalSection(ProjectConfigurationPlatforms) = postSolution
		{AEF224AD-2ECD-4E55-93FF-C2230B7B9272}.Debug|Any CPU.ActiveCfg = Debug|Any CPU
		{AEF224AD-2ECD-4E55-93FF-C2230B7B9272}.Debug|Any CPU.Build.0 = Debug|Any CPU
		{AEF224AD-2ECD-4E55-93FF-C2230B7B9272}.Release|Any CPU.ActiveCfg = Release|Any CPU
		{AEF224AD-2ECD-4E55-93FF-C2230B7B9272}.Release|Any CPU.Build.0 = Release|Any CPU
	EndGlobalSection
	GlobalSection(SolutionProperties) = preSolution
		HideSolutionNode = FALSE
	EndGlobalSection
	GlobalSection(ExtensibilityGlobals) = postSolution
		SolutionGuid = {9C18B868-4850-4518-9816-D996BA059A4D}
	EndGlobalSection
EndGlobal
